
Microsoft Visual Studio Solution File, Format Version 12.00
# Visual Studio Version 17
VisualStudioVersion = 17.1.32421.90
MinimumVisualStudioVersion = 10.0.40219.1
Project("{8BC9CEB8-8B4A-11D0-8D11-00A0C91BC942}") = "멀티코어프로그래밍1", "멀티코어프로그래밍1\멀티코어프로그래밍1.vcxproj", "{7D79EDF1-3CCD-4F70-9F1D-05E2120F7524}"
EndProject
Global
	GlobalSection(SolutionConfigurationPlatforms) = preSolution
		Debug|x64 = Debug|x64
		Debug|x86 = Debug|x86
		Release|x64 = Release|x64
		Release|x86 = Release|x86
	EndGlobalSection
	GlobalSection(ProjectConfigurationPlatforms) = postSolution
		{7D79EDF1-3CCD-4F70-9F1D-05E2120F7524}.Debug|x64.ActiveCfg = Debug|x64
		{7D79EDF1-3CCD-4F70-9F1D-05E2120F7524}.Debug|x64.Build.0 = Debug|x64
		{7D79EDF1-3CCD-4F70-9F1D-05E2120F7524}.Debug|x86.ActiveCfg = Debug|Win32
		{7D79EDF1-3CCD-4F70-9F1D-05E2120F7524}.Debug|x86.Build.0 = Debug|Win32
		{7D79EDF1-3CCD-4F70-9F1D-05E2120F7524}.Release|x64.ActiveCfg = Release|x64
		{7D79EDF1-3CCD-4F70-9F1D-05E2120F7524}.Release|x64.Build.0 = Release|x64
		{7D79EDF1-3CCD-4F70-9F1D-05E2120F7524}.Release|x86.ActiveCfg = Release|Win32
		{7D79EDF1-3CCD-4F70-9F1D-05E2120F7524}.Release|x86.Build.0 = Release|Win32
	EndGlobalSection
	GlobalSection(SolutionProperties) = preSolution
		HideSolutionNode = FALSE
	EndGlobalSection
	GlobalSection(ExtensibilityGlobals) = postSolution
		SolutionGuid = {3A6625B0-DF08-43F4-BF8D-3230A52F12DF}
	EndGlobalSection
EndGlobal
